
Microsoft Visual Studio Solution File, Format Version 12.00
# Visual Studio 15
VisualStudioVersion = 15.0.28010.2046
MinimumVisualStudioVersion = 10.0.40219.1
Project("{FAE04EC0-301F-11D3-BF4B-00C04F79EFBC}") = "DebugDemo", "DebugDemo\DebugDemo.csproj", "{566BB5ED-3DE7-407F-957F-CA903B44F014}"
EndProject
Project("{FAE04EC0-301F-11D3-BF4B-00C04F79EFBC}") = "Variable_Demo", "Variable_Demo\Variable_Demo.csproj", "{A1C7D5EA-B543-46A4-8387-DB48AB081CBF}"
EndProject
Project("{FAE04EC0-301F-11D3-BF4B-00C04F79EFBC}") = "Tal_opgave", "Tal_opgave\Tal_opgave.csproj", "{E3B4A4AA-27AF-48D7-B350-F9664D35F0BD}"
EndProject
Project("{FAE04EC0-301F-11D3-BF4B-00C04F79EFBC}") = "DateTime_opgave", "DateTime_opgave\DateTime_opgave.csproj", "{50246935-64F3-4338-A162-98F4568F0469}"
EndProject
Project("{FAE04EC0-301F-11D3-BF4B-00C04F79EFBC}") = "Variabler_text_opgave", "Variabler_text_opgave\Variabler_text_opgave.csproj", "{FC55BE84-30B6-4811-9480-BC33B568F3BE}"
EndProject
Project("{FAE04EC0-301F-11D3-BF4B-00C04F79EFBC}") = "Variabler_struct_enum", "Variabler_struct_enum\Variabler_struct_enum.csproj", "{46BF72FD-250D-4587-BFD6-7CB3B76D8FBE}"
EndProject
Project("{FAE04EC0-301F-11D3-BF4B-00C04F79EFBC}") = "Flow_for_if_opgave", "Flow_for_if_opgave\Flow_for_if_opgave.csproj", "{0EF8D2B1-B65E-495A-A976-17D5B43CE01A}"
EndProject
Project("{FAE04EC0-301F-11D3-BF4B-00C04F79EFBC}") = "Metoder", "Metoder\Metoder.csproj", "{BA783B91-4A9D-428D-BEEE-6AA49BD0D473}"
EndProject
Project("{FAE04EC0-301F-11D3-BF4B-00C04F79EFBC}") = "Flow_break_continue_opgave", "Flow_break_continue_opgave\Flow_break_continue_opgave.csproj", "{6C91A573-7DB3-4742-ACD0-F7FCA0BE3E23}"
EndProject
Project("{FAE04EC0-301F-11D3-BF4B-00C04F79EFBC}") = "metoder_overload", "metoder_overload\metoder_overload.csproj", "{F208DBA8-C95C-43A8-9176-7A3D1F0F8453}"
EndProject
Project("{FAE04EC0-301F-11D3-BF4B-00C04F79EFBC}") = "Metoder_statisk", "Metoder_statisk\Metoder_statisk.csproj", "{E0C5090A-4F6D-4CE3-B63D-930807879951}"
EndProject
Project("{FAE04EC0-301F-11D3-BF4B-00C04F79EFBC}") = "Fejlhåndtering_simple", "Fejlhåndtering_simple\Fejlhåndtering_simple.csproj", "{527AD9DC-0FAC-4319-9993-1FA6F5CFF70C}"
EndProject
Project("{FAE04EC0-301F-11D3-BF4B-00C04F79EFBC}") = "Fejlhåndtering_egen_exception", "Fejlhåndtering_egen_exception\Fejlhåndtering_egen_exception.csproj", "{9F12A74A-7B64-46C0-81A3-4F391CD1A532}"
EndProject
Project("{FAE04EC0-301F-11D3-BF4B-00C04F79EFBC}") = "Hukommelse_struct_vs_class", "Hukommelse_struct_vs_class\Hukommelse_struct_vs_class.csproj", "{FD2CDDC5-4EF5-4B79-8381-F96F642F49F3}"
EndProject
Project("{FAE04EC0-301F-11D3-BF4B-00C04F79EFBC}") = "Class_simpel", "Class_simpel\Class_simpel.csproj", "{A992B132-1FC0-46E8-9632-3710A5662876}"
EndProject
Project("{FAE04EC0-301F-11D3-BF4B-00C04F79EFBC}") = "Class_Terning", "Class_Terning\Class_Terning.csproj", "{C3577391-8033-4241-893A-C11E88770E4E}"
EndProject
Project("{FAE04EC0-301F-11D3-BF4B-00C04F79EFBC}") = "Egenskaber_Fuld_egenskab", "Egenskaber_Fuld_egenskab\Egenskaber_Fuld_egenskab.csproj", "{0B85C309-C29E-41DF-9954-0BEC4D034735}"
EndProject
Project("{FAE04EC0-301F-11D3-BF4B-00C04F79EFBC}") = "Egtenskaber_terning", "Egtenskaber_terning\Egtenskaber_terning.csproj", "{918379D6-99AD-43DA-8C43-854879963479}"
EndProject
Project("{FAE04EC0-301F-11D3-BF4B-00C04F79EFBC}") = "Egenskaber_Automatisk egenskab", "Egenskaber_Automatisk egenskab\Egenskaber_Automatisk egenskab.csproj", "{CD2F513D-2465-48D2-812B-06B0E5F854B8}"
EndProject
Project("{FAE04EC0-301F-11D3-BF4B-00C04F79EFBC}") = "Egenskaber_Get_som_metoder", "Egenskaber_Get_som_metoder\Egenskaber_Get_som_metoder.csproj", "{FD4E9258-06E3-493B-A5BF-1C43CB52E681}"
EndProject
Global
	GlobalSection(SolutionConfigurationPlatforms) = preSolution
		Debug|Any CPU = Debug|Any CPU
		Release|Any CPU = Release|Any CPU
	EndGlobalSection
	GlobalSection(ProjectConfigurationPlatforms) = postSolution
		{566BB5ED-3DE7-407F-957F-CA903B44F014}.Debug|Any CPU.ActiveCfg = Debug|Any CPU
		{566BB5ED-3DE7-407F-957F-CA903B44F014}.Debug|Any CPU.Build.0 = Debug|Any CPU
		{566BB5ED-3DE7-407F-957F-CA903B44F014}.Release|Any CPU.ActiveCfg = Release|Any CPU
		{566BB5ED-3DE7-407F-957F-CA903B44F014}.Release|Any CPU.Build.0 = Release|Any CPU
		{A1C7D5EA-B543-46A4-8387-DB48AB081CBF}.Debug|Any CPU.ActiveCfg = Debug|Any CPU
		{A1C7D5EA-B543-46A4-8387-DB48AB081CBF}.Debug|Any CPU.Build.0 = Debug|Any CPU
		{A1C7D5EA-B543-46A4-8387-DB48AB081CBF}.Release|Any CPU.ActiveCfg = Release|Any CPU
		{A1C7D5EA-B543-46A4-8387-DB48AB081CBF}.Release|Any CPU.Build.0 = Release|Any CPU
		{E3B4A4AA-27AF-48D7-B350-F9664D35F0BD}.Debug|Any CPU.ActiveCfg = Debug|Any CPU
		{E3B4A4AA-27AF-48D7-B350-F9664D35F0BD}.Debug|Any CPU.Build.0 = Debug|Any CPU
		{E3B4A4AA-27AF-48D7-B350-F9664D35F0BD}.Release|Any CPU.ActiveCfg = Release|Any CPU
		{E3B4A4AA-27AF-48D7-B350-F9664D35F0BD}.Release|Any CPU.Build.0 = Release|Any CPU
		{50246935-64F3-4338-A162-98F4568F0469}.Debug|Any CPU.ActiveCfg = Debug|Any CPU
		{50246935-64F3-4338-A162-98F4568F0469}.Debug|Any CPU.Build.0 = Debug|Any CPU
		{50246935-64F3-4338-A162-98F4568F0469}.Release|Any CPU.ActiveCfg = Release|Any CPU
		{50246935-64F3-4338-A162-98F4568F0469}.Release|Any CPU.Build.0 = Release|Any CPU
		{FC55BE84-30B6-4811-9480-BC33B568F3BE}.Debug|Any CPU.ActiveCfg = Debug|Any CPU
		{FC55BE84-30B6-4811-9480-BC33B568F3BE}.Debug|Any CPU.Build.0 = Debug|Any CPU
		{FC55BE84-30B6-4811-9480-BC33B568F3BE}.Release|Any CPU.ActiveCfg = Release|Any CPU
		{FC55BE84-30B6-4811-9480-BC33B568F3BE}.Release|Any CPU.Build.0 = Release|Any CPU
		{46BF72FD-250D-4587-BFD6-7CB3B76D8FBE}.Debug|Any CPU.ActiveCfg = Debug|Any CPU
		{46BF72FD-250D-4587-BFD6-7CB3B76D8FBE}.Debug|Any CPU.Build.0 = Debug|Any CPU
		{46BF72FD-250D-4587-BFD6-7CB3B76D8FBE}.Release|Any CPU.ActiveCfg = Release|Any CPU
		{46BF72FD-250D-4587-BFD6-7CB3B76D8FBE}.Release|Any CPU.Build.0 = Release|Any CPU
		{0EF8D2B1-B65E-495A-A976-17D5B43CE01A}.Debug|Any CPU.ActiveCfg = Debug|Any CPU
		{0EF8D2B1-B65E-495A-A976-17D5B43CE01A}.Debug|Any CPU.Build.0 = Debug|Any CPU
		{0EF8D2B1-B65E-495A-A976-17D5B43CE01A}.Release|Any CPU.ActiveCfg = Release|Any CPU
		{0EF8D2B1-B65E-495A-A976-17D5B43CE01A}.Release|Any CPU.Build.0 = Release|Any CPU
		{BA783B91-4A9D-428D-BEEE-6AA49BD0D473}.Debug|Any CPU.ActiveCfg = Debug|Any CPU
		{BA783B91-4A9D-428D-BEEE-6AA49BD0D473}.Debug|Any CPU.Build.0 = Debug|Any CPU
		{BA783B91-4A9D-428D-BEEE-6AA49BD0D473}.Release|Any CPU.ActiveCfg = Release|Any CPU
		{BA783B91-4A9D-428D-BEEE-6AA49BD0D473}.Release|Any CPU.Build.0 = Release|Any CPU
		{6C91A573-7DB3-4742-ACD0-F7FCA0BE3E23}.Debug|Any CPU.ActiveCfg = Debug|Any CPU
		{6C91A573-7DB3-4742-ACD0-F7FCA0BE3E23}.Debug|Any CPU.Build.0 = Debug|Any CPU
		{6C91A573-7DB3-4742-ACD0-F7FCA0BE3E23}.Release|Any CPU.ActiveCfg = Release|Any CPU
		{6C91A573-7DB3-4742-ACD0-F7FCA0BE3E23}.Release|Any CPU.Build.0 = Release|Any CPU
		{F208DBA8-C95C-43A8-9176-7A3D1F0F8453}.Debug|Any CPU.ActiveCfg = Debug|Any CPU
		{F208DBA8-C95C-43A8-9176-7A3D1F0F8453}.Debug|Any CPU.Build.0 = Debug|Any CPU
		{F208DBA8-C95C-43A8-9176-7A3D1F0F8453}.Release|Any CPU.ActiveCfg = Release|Any CPU
		{F208DBA8-C95C-43A8-9176-7A3D1F0F8453}.Release|Any CPU.Build.0 = Release|Any CPU
		{E0C5090A-4F6D-4CE3-B63D-930807879951}.Debug|Any CPU.ActiveCfg = Debug|Any CPU
		{E0C5090A-4F6D-4CE3-B63D-930807879951}.Debug|Any CPU.Build.0 = Debug|Any CPU
		{E0C5090A-4F6D-4CE3-B63D-930807879951}.Release|Any CPU.ActiveCfg = Release|Any CPU
		{E0C5090A-4F6D-4CE3-B63D-930807879951}.Release|Any CPU.Build.0 = Release|Any CPU
		{527AD9DC-0FAC-4319-9993-1FA6F5CFF70C}.Debug|Any CPU.ActiveCfg = Debug|Any CPU
		{527AD9DC-0FAC-4319-9993-1FA6F5CFF70C}.Debug|Any CPU.Build.0 = Debug|Any CPU
		{527AD9DC-0FAC-4319-9993-1FA6F5CFF70C}.Release|Any CPU.ActiveCfg = Release|Any CPU
		{527AD9DC-0FAC-4319-9993-1FA6F5CFF70C}.Release|Any CPU.Build.0 = Release|Any CPU
		{9F12A74A-7B64-46C0-81A3-4F391CD1A532}.Debug|Any CPU.ActiveCfg = Debug|Any CPU
		{9F12A74A-7B64-46C0-81A3-4F391CD1A532}.Debug|Any CPU.Build.0 = Debug|Any CPU
		{9F12A74A-7B64-46C0-81A3-4F391CD1A532}.Release|Any CPU.ActiveCfg = Release|Any CPU
		{9F12A74A-7B64-46C0-81A3-4F391CD1A532}.Release|Any CPU.Build.0 = Release|Any CPU
		{FD2CDDC5-4EF5-4B79-8381-F96F642F49F3}.Debug|Any CPU.ActiveCfg = Debug|Any CPU
		{FD2CDDC5-4EF5-4B79-8381-F96F642F49F3}.Debug|Any CPU.Build.0 = Debug|Any CPU
		{FD2CDDC5-4EF5-4B79-8381-F96F642F49F3}.Release|Any CPU.ActiveCfg = Release|Any CPU
		{FD2CDDC5-4EF5-4B79-8381-F96F642F49F3}.Release|Any CPU.Build.0 = Release|Any CPU
		{A992B132-1FC0-46E8-9632-3710A5662876}.Debug|Any CPU.ActiveCfg = Debug|Any CPU
		{A992B132-1FC0-46E8-9632-3710A5662876}.Debug|Any CPU.Build.0 = Debug|Any CPU
		{A992B132-1FC0-46E8-9632-3710A5662876}.Release|Any CPU.ActiveCfg = Release|Any CPU
		{A992B132-1FC0-46E8-9632-3710A5662876}.Release|Any CPU.Build.0 = Release|Any CPU
		{C3577391-8033-4241-893A-C11E88770E4E}.Debug|Any CPU.ActiveCfg = Debug|Any CPU
		{C3577391-8033-4241-893A-C11E88770E4E}.Debug|Any CPU.Build.0 = Debug|Any CPU
		{C3577391-8033-4241-893A-C11E88770E4E}.Release|Any CPU.ActiveCfg = Release|Any CPU
		{C3577391-8033-4241-893A-C11E88770E4E}.Release|Any CPU.Build.0 = Release|Any CPU
		{0B85C309-C29E-41DF-9954-0BEC4D034735}.Debug|Any CPU.ActiveCfg = Debug|Any CPU
		{0B85C309-C29E-41DF-9954-0BEC4D034735}.Debug|Any CPU.Build.0 = Debug|Any CPU
		{0B85C309-C29E-41DF-9954-0BEC4D034735}.Release|Any CPU.ActiveCfg = Release|Any CPU
		{0B85C309-C29E-41DF-9954-0BEC4D034735}.Release|Any CPU.Build.0 = Release|Any CPU
		{918379D6-99AD-43DA-8C43-854879963479}.Debug|Any CPU.ActiveCfg = Debug|Any CPU
		{918379D6-99AD-43DA-8C43-854879963479}.Debug|Any CPU.Build.0 = Debug|Any CPU
		{918379D6-99AD-43DA-8C43-854879963479}.Release|Any CPU.ActiveCfg = Release|Any CPU
		{918379D6-99AD-43DA-8C43-854879963479}.Release|Any CPU.Build.0 = Release|Any CPU
		{CD2F513D-2465-48D2-812B-06B0E5F854B8}.Debug|Any CPU.ActiveCfg = Debug|Any CPU
		{CD2F513D-2465-48D2-812B-06B0E5F854B8}.Debug|Any CPU.Build.0 = Debug|Any CPU
		{CD2F513D-2465-48D2-812B-06B0E5F854B8}.Release|Any CPU.ActiveCfg = Release|Any CPU
		{CD2F513D-2465-48D2-812B-06B0E5F854B8}.Release|Any CPU.Build.0 = Release|Any CPU
		{FD4E9258-06E3-493B-A5BF-1C43CB52E681}.Debug|Any CPU.ActiveCfg = Debug|Any CPU
		{FD4E9258-06E3-493B-A5BF-1C43CB52E681}.Debug|Any CPU.Build.0 = Debug|Any CPU
		{FD4E9258-06E3-493B-A5BF-1C43CB52E681}.Release|Any CPU.ActiveCfg = Release|Any CPU
		{FD4E9258-06E3-493B-A5BF-1C43CB52E681}.Release|Any CPU.Build.0 = Release|Any CPU
	EndGlobalSection
	GlobalSection(SolutionProperties) = preSolution
		HideSolutionNode = FALSE
	EndGlobalSection
	GlobalSection(ExtensibilityGlobals) = postSolution
		SolutionGuid = {5B943904-971B-4CE0-9FE1-3E8526A20D85}
	EndGlobalSection
EndGlobal
