
Microsoft Visual Studio Solution File, Format Version 12.00
# Visual Studio 15
VisualStudioVersion = 15.0.28010.2046
MinimumVisualStudioVersion = 10.0.40219.1
Project("{FAE04EC0-301F-11D3-BF4B-00C04F79EFBC}") = "DebugDemo", "DebugDemo\DebugDemo.csproj", "{566BB5ED-3DE7-407F-957F-CA903B44F014}"
EndProject
Project("{FAE04EC0-301F-11D3-BF4B-00C04F79EFBC}") = "Variable_Demo", "Variable_Demo\Variable_Demo.csproj", "{A1C7D5EA-B543-46A4-8387-DB48AB081CBF}"
EndProject
Project("{FAE04EC0-301F-11D3-BF4B-00C04F79EFBC}") = "Tal_opgave", "Tal_opgave\Tal_opgave.csproj", "{E3B4A4AA-27AF-48D7-B350-F9664D35F0BD}"
EndProject
Project("{FAE04EC0-301F-11D3-BF4B-00C04F79EFBC}") = "DateTime_opgave", "DateTime_opgave\DateTime_opgave.csproj", "{50246935-64F3-4338-A162-98F4568F0469}"
EndProject
Project("{FAE04EC0-301F-11D3-BF4B-00C04F79EFBC}") = "Variabler_text_opgave", "Variabler_text_opgave\Variabler_text_opgave.csproj", "{FC55BE84-30B6-4811-9480-BC33B568F3BE}"
EndProject
Project("{FAE04EC0-301F-11D3-BF4B-00C04F79EFBC}") = "Variabler_struct_enum", "Variabler_struct_enum\Variabler_struct_enum.csproj", "{46BF72FD-250D-4587-BFD6-7CB3B76D8FBE}"
EndProject
Project("{FAE04EC0-301F-11D3-BF4B-00C04F79EFBC}") = "Flow_for_if_opgave", "Flow_for_if_opgave\Flow_for_if_opgave.csproj", "{0EF8D2B1-B65E-495A-A976-17D5B43CE01A}"
EndProject
Global
	GlobalSection(SolutionConfigurationPlatforms) = preSolution
		Debug|Any CPU = Debug|Any CPU
		Release|Any CPU = Release|Any CPU
	EndGlobalSection
	GlobalSection(ProjectConfigurationPlatforms) = postSolution
		{566BB5ED-3DE7-407F-957F-CA903B44F014}.Debug|Any CPU.ActiveCfg = Debug|Any CPU
		{566BB5ED-3DE7-407F-957F-CA903B44F014}.Debug|Any CPU.Build.0 = Debug|Any CPU
		{566BB5ED-3DE7-407F-957F-CA903B44F014}.Release|Any CPU.ActiveCfg = Release|Any CPU
		{566BB5ED-3DE7-407F-957F-CA903B44F014}.Release|Any CPU.Build.0 = Release|Any CPU
		{A1C7D5EA-B543-46A4-8387-DB48AB081CBF}.Debug|Any CPU.ActiveCfg = Debug|Any CPU
		{A1C7D5EA-B543-46A4-8387-DB48AB081CBF}.Debug|Any CPU.Build.0 = Debug|Any CPU
		{A1C7D5EA-B543-46A4-8387-DB48AB081CBF}.Release|Any CPU.ActiveCfg = Release|Any CPU
		{A1C7D5EA-B543-46A4-8387-DB48AB081CBF}.Release|Any CPU.Build.0 = Release|Any CPU
		{E3B4A4AA-27AF-48D7-B350-F9664D35F0BD}.Debug|Any CPU.ActiveCfg = Debug|Any CPU
		{E3B4A4AA-27AF-48D7-B350-F9664D35F0BD}.Debug|Any CPU.Build.0 = Debug|Any CPU
		{E3B4A4AA-27AF-48D7-B350-F9664D35F0BD}.Release|Any CPU.ActiveCfg = Release|Any CPU
		{E3B4A4AA-27AF-48D7-B350-F9664D35F0BD}.Release|Any CPU.Build.0 = Release|Any CPU
		{50246935-64F3-4338-A162-98F4568F0469}.Debug|Any CPU.ActiveCfg = Debug|Any CPU
		{50246935-64F3-4338-A162-98F4568F0469}.Debug|Any CPU.Build.0 = Debug|Any CPU
		{50246935-64F3-4338-A162-98F4568F0469}.Release|Any CPU.ActiveCfg = Release|Any CPU
		{50246935-64F3-4338-A162-98F4568F0469}.Release|Any CPU.Build.0 = Release|Any CPU
		{FC55BE84-30B6-4811-9480-BC33B568F3BE}.Debug|Any CPU.ActiveCfg = Debug|Any CPU
		{FC55BE84-30B6-4811-9480-BC33B568F3BE}.Debug|Any CPU.Build.0 = Debug|Any CPU
		{FC55BE84-30B6-4811-9480-BC33B568F3BE}.Release|Any CPU.ActiveCfg = Release|Any CPU
		{FC55BE84-30B6-4811-9480-BC33B568F3BE}.Release|Any CPU.Build.0 = Release|Any CPU
		{46BF72FD-250D-4587-BFD6-7CB3B76D8FBE}.Debug|Any CPU.ActiveCfg = Debug|Any CPU
		{46BF72FD-250D-4587-BFD6-7CB3B76D8FBE}.Debug|Any CPU.Build.0 = Debug|Any CPU
		{46BF72FD-250D-4587-BFD6-7CB3B76D8FBE}.Release|Any CPU.ActiveCfg = Release|Any CPU
		{46BF72FD-250D-4587-BFD6-7CB3B76D8FBE}.Release|Any CPU.Build.0 = Release|Any CPU
		{0EF8D2B1-B65E-495A-A976-17D5B43CE01A}.Debug|Any CPU.ActiveCfg = Debug|Any CPU
		{0EF8D2B1-B65E-495A-A976-17D5B43CE01A}.Debug|Any CPU.Build.0 = Debug|Any CPU
		{0EF8D2B1-B65E-495A-A976-17D5B43CE01A}.Release|Any CPU.ActiveCfg = Release|Any CPU
		{0EF8D2B1-B65E-495A-A976-17D5B43CE01A}.Release|Any CPU.Build.0 = Release|Any CPU
	EndGlobalSection
	GlobalSection(SolutionProperties) = preSolution
		HideSolutionNode = FALSE
	EndGlobalSection
	GlobalSection(ExtensibilityGlobals) = postSolution
		SolutionGuid = {5B943904-971B-4CE0-9FE1-3E8526A20D85}
	EndGlobalSection
EndGlobal
